<?xml version="1.0" encoding="utf-8"?>
<Project ToolsVersion="4.0" xmlns="http://schemas.microsoft.com/developer/msbuild/2003">
  <ItemGroup>
    <ClCompile Include="GSCameraPlayer.cpp">
      <Filter>Source Files</Filter>
    </ClCompile>
    <ClCompile Include="GSCameraPlayerBootstrapper.cpp">
      <Filter>Source Files</Filter>
    </ClCompile>
    <ClCompile Include="GSPipelineBase.cpp">
      <Filter>Source Files</Filter>
    </ClCompile>
    <ClCompile Include="GSWebCameraHelper.cpp">
      <Filter>Source Files</Filter>
    </ClCompile>
    <ClCompile Include="IpCameraPipeline.cpp">
      <Filter>Source Files</Filter>
    </ClCompile>
    <ClCompile Include="stdafx.cpp">
      <Filter>Source Files</Filter>
    </ClCompile>
    <ClCompile Include="WebCameraPipeline.cpp">
      <Filter>Source Files</Filter>
    </ClCompile>
  </ItemGroup>
  <ItemGroup>
    <ClInclude Include="GSCameraPlayer.h">
      <Filter>Header Files</Filter>
    </ClInclude>
    <ClInclude Include="GSCameraPlayerBootstrapper.h">
      <Filter>Header Files</Filter>
    </ClInclude>
    <ClInclude Include="GSPipelineBase.h">
      <Filter>Header Files</Filter>
    </ClInclude>
    <ClInclude Include="GSWebCameraHelper.h">
      <Filter>Header Files</Filter>
    </ClInclude>
    <ClInclude Include="IpCameraPipeline.h">
      <Filter>Header Files</Filter>
    </ClInclude>
    <ClInclude Include="stdafx.h">
      <Filter>Header Files</Filter>
    </ClInclude>
    <ClInclude Include="targetver.h">
      <Filter>Header Files</Filter>
    </ClInclude>
    <ClInclude Include="WebCameraPipeline.h">
      <Filter>Header Files</Filter>
    </ClInclude>
  </ItemGroup>
  <ItemGroup>
    <Filter Include="Source Files">
      <UniqueIdentifier>{3ca413e3-4c2d-4670-84cf-fa6644399e8e}</UniqueIdentifier>
    </Filter>
    <Filter Include="Header Files">
      <UniqueIdentifier>{b13ae9a2-25e7-4566-b7fc-966df48301cf}</UniqueIdentifier>
    </Filter>
  </ItemGroup>
</Project>