
Microsoft Visual Studio Solution File, Format Version 12.00
# Visual Studio 2012
Project("{8BC9CEB8-8B4A-11D0-8D11-00A0C91BC942}") = "rtbcserver", "rtbcserver\rtbcserver.vcxproj", "{1236EB48-A917-47E7-B105-C6741BEE7BF9}"
	ProjectSection(ProjectDependencies) = postProject
		{A4E6AD51-6CD5-4707-94BB-8768560BA2AF} = {A4E6AD51-6CD5-4707-94BB-8768560BA2AF}
	EndProjectSection
EndProject
Project("{8BC9CEB8-8B4A-11D0-8D11-00A0C91BC942}") = "VosVideo.Camera", "VosVideo.Camera\VosVideo.Camera.vcxproj", "{06702349-08E5-4027-9AA6-9EE22B322B12}"
EndProject
Project("{8BC9CEB8-8B4A-11D0-8D11-00A0C91BC942}") = "VosVideo.WebRtc", "VosVideo.WebRtc\VosVideo.WebRtc.vcxproj", "{9E392771-BDB7-4244-B83B-B0E9654A0930}"
	ProjectSection(ProjectDependencies) = postProject
		{CB254DF4-87C7-49B1-8D6D-A35A74AB6706} = {CB254DF4-87C7-49B1-8D6D-A35A74AB6706}
	EndProjectSection
EndProject
Project("{8BC9CEB8-8B4A-11D0-8D11-00A0C91BC942}") = "VosVideo.Communication", "VosVideo.Communication\VosVideo.Communication.vcxproj", "{CB254DF4-87C7-49B1-8D6D-A35A74AB6706}"
EndProject
Project("{2150E333-8FDC-42A3-9474-1A3956D46DE8}") = "test", "test", "{2998D8B0-78A7-4C6B-968F-4CD6A5717648}"
EndProject
Project("{8BC9CEB8-8B4A-11D0-8D11-00A0C91BC942}") = "VosVideo.Communication.Test", "test\VosVideo.Communication.Test\VosVideo.Communication.Test.vcxproj", "{1877097E-E129-4EA6-B5D4-001790E5E561}"
EndProject
Project("{8BC9CEB8-8B4A-11D0-8D11-00A0C91BC942}") = "VosVideo.Communication.Casablanca", "VosVideo.Communication.Casablanca\VosVideo.Communication.Casablanca.vcxproj", "{164D5E97-847C-4623-9185-B9A3F5DA95B3}"
EndProject
Project("{2150E333-8FDC-42A3-9474-1A3956D46DE8}") = "communication", "communication", "{1E7B6864-7F55-4597-B86D-C8CA22355109}"
EndProject
Project("{8BC9CEB8-8B4A-11D0-8D11-00A0C91BC942}") = "VosVideo.UserManagement", "VosVideo.UserManagement\VosVideo.UserManagement.vcxproj", "{0549A601-46A4-4277-B9DC-2B392E4BC67C}"
EndProject
Project("{8BC9CEB8-8B4A-11D0-8D11-00A0C91BC942}") = "VosVideo.UserManagement.Test", "test\VosVideo.UserManagement.Test\VosVideo.UserManagement.Test.vcxproj", "{DAB5CB56-1121-4649-9426-DDDA825F73CD}"
EndProject
Project("{8BC9CEB8-8B4A-11D0-8D11-00A0C91BC942}") = "VosVideo.Test.Common", "test\VosVideo.Test.Common\VosVideo.Test.Common.vcxproj", "{53EF852E-15B3-42ED-A1E5-AEC49C9EC8EB}"
EndProject
Project("{8BC9CEB8-8B4A-11D0-8D11-00A0C91BC942}") = "VosVideo.Configuration", "VosVideo.Configuration\VosVideo.Configuration.vcxproj", "{80C36B66-4DF9-48F5-8859-50A891263CCB}"
EndProject
Project("{8BC9CEB8-8B4A-11D0-8D11-00A0C91BC942}") = "VosVideo.Communication.Websocketpp", "VosVideo.Communication.Websocketpp\VosVideo.Communication.Websocketpp.vcxproj", "{52541AEF-C817-4F3C-8736-7F60A055FED8}"
EndProject
Project("{8BC9CEB8-8B4A-11D0-8D11-00A0C91BC942}") = "VosVideo.Data", "VosVideo.Data\VosVideo.Data.vcxproj", "{6F129E1B-51BA-4372-8D91-1D123CB18B15}"
EndProject
Project("{8BC9CEB8-8B4A-11D0-8D11-00A0C91BC942}") = "VosVideo.WebRtc.Test", "test\VosVideo.WebRtc.Test\VosVideo.WebRtc.Test.vcxproj", "{56E341D6-68A9-4298-AE0A-C315F4B0EFAD}"
EndProject
Project("{8BC9CEB8-8B4A-11D0-8D11-00A0C91BC942}") = "VosVideo.Camera.Test", "test\VosVideo.Camera.Test\VosVideo.Camera.Test.vcxproj", "{C4F0118A-89C0-4EA0-B461-036AB830C921}"
EndProject
Project("{8BC9CEB8-8B4A-11D0-8D11-00A0C91BC942}") = "VosVideo.DeviceManagement.Test", "test\VosVideo.DeviceManagement.Test\VosVideo.DeviceManagement.Test.vcxproj", "{EC6BF23F-B645-4768-A1DD-4FD4AFF30C85}"
EndProject
Project("{8BC9CEB8-8B4A-11D0-8D11-00A0C91BC942}") = "VosVideo.DeviceManagement", "VosVideo.DeviceManagement\VosVideo.DeviceManagement.vcxproj", "{A7CA82E4-092E-40E8-A92C-38F12F2385B9}"
EndProject
Project("{8BC9CEB8-8B4A-11D0-8D11-00A0C91BC942}") = "VosVideo.VideoArchiveManagement", "VosVideo.VideoArchiveManagement\VosVideo.VideoArchiveManagement.vcxproj", "{0C44CFDB-2FBC-492D-9D0D-CEF3186064D4}"
EndProject
Project("{8BC9CEB8-8B4A-11D0-8D11-00A0C91BC942}") = "VosVideo.Data.Test", "test\VosVideo.Data.Test\VosVideo.Data.Test.vcxproj", "{11D3201E-07CE-4B0D-8720-27902A8D9851}"
EndProject
Project("{8BC9CEB8-8B4A-11D0-8D11-00A0C91BC942}") = "deviceworker", "deviceworker\deviceworker.vcxproj", "{A4E6AD51-6CD5-4707-94BB-8768560BA2AF}"
EndProject
Project("{8BC9CEB8-8B4A-11D0-8D11-00A0C91BC942}") = "VosVideo.Communication.InterprocessQueue", "VosVideo.Communication.InterprocessQueue\VosVideo.Communication.InterprocessQueue.vcxproj", "{99DC47B1-653D-4173-B50F-D7D99CD8C1A9}"
EndProject
Project("{2150E333-8FDC-42A3-9474-1A3956D46DE8}") = "camera", "camera", "{A6B850AF-1932-46DB-B3BE-8679AB8C5F4E}"
EndProject
Project("{8BC9CEB8-8B4A-11D0-8D11-00A0C91BC942}") = "VosVideo.CameraPlayer", "VosVideo.CameraPlayer\VosVideo.CameraPlayer.vcxproj", "{1CA2C3A4-27F5-4804-9A8E-DD4F3D5BC74A}"
EndProject
Project("{8BC9CEB8-8B4A-11D0-8D11-00A0C91BC942}") = "VosVideo.MFCameraPlayer", "VosVideo.MFCameraPlayer\VosVideo.MFCameraPlayer.vcxproj", "{54E1110A-EFCB-414F-803E-1ACDA9815477}"
EndProject
Project("{8BC9CEB8-8B4A-11D0-8D11-00A0C91BC942}") = "VosVideo.GSCameraPlayer", "VosVideo.GSCameraPlayer\VosVideo.GSCameraPlayer.vcxproj", "{B58DE50C-EB20-4565-98F2-453FEE89916D}"
EndProject
Global
	GlobalSection(SolutionConfigurationPlatforms) = preSolution
		Debug|Any CPU = Debug|Any CPU
		Debug|Mixed Platforms = Debug|Mixed Platforms
		Debug|Win32 = Debug|Win32
		Release|Any CPU = Release|Any CPU
		Release|Mixed Platforms = Release|Mixed Platforms
		Release|Win32 = Release|Win32
	EndGlobalSection
	GlobalSection(ProjectConfigurationPlatforms) = postSolution
		{1236EB48-A917-47E7-B105-C6741BEE7BF9}.Debug|Any CPU.ActiveCfg = Debug|Win32
		{1236EB48-A917-47E7-B105-C6741BEE7BF9}.Debug|Mixed Platforms.ActiveCfg = Debug|Win32
		{1236EB48-A917-47E7-B105-C6741BEE7BF9}.Debug|Mixed Platforms.Build.0 = Debug|Win32
		{1236EB48-A917-47E7-B105-C6741BEE7BF9}.Debug|Win32.ActiveCfg = Debug|Win32
		{1236EB48-A917-47E7-B105-C6741BEE7BF9}.Debug|Win32.Build.0 = Debug|Win32
		{1236EB48-A917-47E7-B105-C6741BEE7BF9}.Debug|Win32.Deploy.0 = Debug|Win32
		{1236EB48-A917-47E7-B105-C6741BEE7BF9}.Release|Any CPU.ActiveCfg = Release|Win32
		{1236EB48-A917-47E7-B105-C6741BEE7BF9}.Release|Mixed Platforms.ActiveCfg = Release|Win32
		{1236EB48-A917-47E7-B105-C6741BEE7BF9}.Release|Mixed Platforms.Build.0 = Release|Win32
		{1236EB48-A917-47E7-B105-C6741BEE7BF9}.Release|Win32.ActiveCfg = Release|Win32
		{1236EB48-A917-47E7-B105-C6741BEE7BF9}.Release|Win32.Build.0 = Release|Win32
		{1236EB48-A917-47E7-B105-C6741BEE7BF9}.Release|Win32.Deploy.0 = Release|Win32
		{06702349-08E5-4027-9AA6-9EE22B322B12}.Debug|Any CPU.ActiveCfg = Debug|Win32
		{06702349-08E5-4027-9AA6-9EE22B322B12}.Debug|Mixed Platforms.ActiveCfg = Debug|Win32
		{06702349-08E5-4027-9AA6-9EE22B322B12}.Debug|Mixed Platforms.Build.0 = Debug|Win32
		{06702349-08E5-4027-9AA6-9EE22B322B12}.Debug|Win32.ActiveCfg = Debug|Win32
		{06702349-08E5-4027-9AA6-9EE22B322B12}.Debug|Win32.Build.0 = Debug|Win32
		{06702349-08E5-4027-9AA6-9EE22B322B12}.Release|Any CPU.ActiveCfg = Release|Win32
		{06702349-08E5-4027-9AA6-9EE22B322B12}.Release|Mixed Platforms.ActiveCfg = Release|Win32
		{06702349-08E5-4027-9AA6-9EE22B322B12}.Release|Mixed Platforms.Build.0 = Release|Win32
		{06702349-08E5-4027-9AA6-9EE22B322B12}.Release|Win32.ActiveCfg = Release|Win32
		{06702349-08E5-4027-9AA6-9EE22B322B12}.Release|Win32.Build.0 = Release|Win32
		{9E392771-BDB7-4244-B83B-B0E9654A0930}.Debug|Any CPU.ActiveCfg = Debug|Win32
		{9E392771-BDB7-4244-B83B-B0E9654A0930}.Debug|Mixed Platforms.ActiveCfg = Debug|Win32
		{9E392771-BDB7-4244-B83B-B0E9654A0930}.Debug|Mixed Platforms.Build.0 = Debug|Win32
		{9E392771-BDB7-4244-B83B-B0E9654A0930}.Debug|Win32.ActiveCfg = Debug|Win32
		{9E392771-BDB7-4244-B83B-B0E9654A0930}.Debug|Win32.Build.0 = Debug|Win32
		{9E392771-BDB7-4244-B83B-B0E9654A0930}.Release|Any CPU.ActiveCfg = Release|Win32
		{9E392771-BDB7-4244-B83B-B0E9654A0930}.Release|Mixed Platforms.ActiveCfg = Release|Win32
		{9E392771-BDB7-4244-B83B-B0E9654A0930}.Release|Mixed Platforms.Build.0 = Release|Win32
		{9E392771-BDB7-4244-B83B-B0E9654A0930}.Release|Win32.ActiveCfg = Release|Win32
		{9E392771-BDB7-4244-B83B-B0E9654A0930}.Release|Win32.Build.0 = Release|Win32
		{CB254DF4-87C7-49B1-8D6D-A35A74AB6706}.Debug|Any CPU.ActiveCfg = Debug|Win32
		{CB254DF4-87C7-49B1-8D6D-A35A74AB6706}.Debug|Mixed Platforms.ActiveCfg = Debug|Win32
		{CB254DF4-87C7-49B1-8D6D-A35A74AB6706}.Debug|Mixed Platforms.Build.0 = Debug|Win32
		{CB254DF4-87C7-49B1-8D6D-A35A74AB6706}.Debug|Win32.ActiveCfg = Debug|Win32
		{CB254DF4-87C7-49B1-8D6D-A35A74AB6706}.Debug|Win32.Build.0 = Debug|Win32
		{CB254DF4-87C7-49B1-8D6D-A35A74AB6706}.Release|Any CPU.ActiveCfg = Release|Win32
		{CB254DF4-87C7-49B1-8D6D-A35A74AB6706}.Release|Mixed Platforms.ActiveCfg = Release|Win32
		{CB254DF4-87C7-49B1-8D6D-A35A74AB6706}.Release|Mixed Platforms.Build.0 = Release|Win32
		{CB254DF4-87C7-49B1-8D6D-A35A74AB6706}.Release|Win32.ActiveCfg = Release|Win32
		{CB254DF4-87C7-49B1-8D6D-A35A74AB6706}.Release|Win32.Build.0 = Release|Win32
		{1877097E-E129-4EA6-B5D4-001790E5E561}.Debug|Any CPU.ActiveCfg = Debug|Win32
		{1877097E-E129-4EA6-B5D4-001790E5E561}.Debug|Mixed Platforms.ActiveCfg = Debug|Win32
		{1877097E-E129-4EA6-B5D4-001790E5E561}.Debug|Mixed Platforms.Build.0 = Debug|Win32
		{1877097E-E129-4EA6-B5D4-001790E5E561}.Debug|Win32.ActiveCfg = Debug|Win32
		{1877097E-E129-4EA6-B5D4-001790E5E561}.Debug|Win32.Build.0 = Debug|Win32
		{1877097E-E129-4EA6-B5D4-001790E5E561}.Release|Any CPU.ActiveCfg = Release|Win32
		{1877097E-E129-4EA6-B5D4-001790E5E561}.Release|Mixed Platforms.ActiveCfg = Release|Win32
		{1877097E-E129-4EA6-B5D4-001790E5E561}.Release|Mixed Platforms.Build.0 = Release|Win32
		{1877097E-E129-4EA6-B5D4-001790E5E561}.Release|Win32.ActiveCfg = Release|Win32
		{1877097E-E129-4EA6-B5D4-001790E5E561}.Release|Win32.Build.0 = Release|Win32
		{164D5E97-847C-4623-9185-B9A3F5DA95B3}.Debug|Any CPU.ActiveCfg = Debug|Win32
		{164D5E97-847C-4623-9185-B9A3F5DA95B3}.Debug|Mixed Platforms.ActiveCfg = Debug|Win32
		{164D5E97-847C-4623-9185-B9A3F5DA95B3}.Debug|Mixed Platforms.Build.0 = Debug|Win32
		{164D5E97-847C-4623-9185-B9A3F5DA95B3}.Debug|Win32.ActiveCfg = Debug|Win32
		{164D5E97-847C-4623-9185-B9A3F5DA95B3}.Debug|Win32.Build.0 = Debug|Win32
		{164D5E97-847C-4623-9185-B9A3F5DA95B3}.Release|Any CPU.ActiveCfg = Release|Win32
		{164D5E97-847C-4623-9185-B9A3F5DA95B3}.Release|Mixed Platforms.ActiveCfg = Release|Win32
		{164D5E97-847C-4623-9185-B9A3F5DA95B3}.Release|Mixed Platforms.Build.0 = Release|Win32
		{164D5E97-847C-4623-9185-B9A3F5DA95B3}.Release|Win32.ActiveCfg = Release|Win32
		{164D5E97-847C-4623-9185-B9A3F5DA95B3}.Release|Win32.Build.0 = Release|Win32
		{0549A601-46A4-4277-B9DC-2B392E4BC67C}.Debug|Any CPU.ActiveCfg = Debug|Win32
		{0549A601-46A4-4277-B9DC-2B392E4BC67C}.Debug|Mixed Platforms.ActiveCfg = Debug|Win32
		{0549A601-46A4-4277-B9DC-2B392E4BC67C}.Debug|Mixed Platforms.Build.0 = Debug|Win32
		{0549A601-46A4-4277-B9DC-2B392E4BC67C}.Debug|Win32.ActiveCfg = Debug|Win32
		{0549A601-46A4-4277-B9DC-2B392E4BC67C}.Debug|Win32.Build.0 = Debug|Win32
		{0549A601-46A4-4277-B9DC-2B392E4BC67C}.Release|Any CPU.ActiveCfg = Release|Win32
		{0549A601-46A4-4277-B9DC-2B392E4BC67C}.Release|Mixed Platforms.ActiveCfg = Release|Win32
		{0549A601-46A4-4277-B9DC-2B392E4BC67C}.Release|Mixed Platforms.Build.0 = Release|Win32
		{0549A601-46A4-4277-B9DC-2B392E4BC67C}.Release|Win32.ActiveCfg = Release|Win32
		{0549A601-46A4-4277-B9DC-2B392E4BC67C}.Release|Win32.Build.0 = Release|Win32
		{DAB5CB56-1121-4649-9426-DDDA825F73CD}.Debug|Any CPU.ActiveCfg = Debug|Win32
		{DAB5CB56-1121-4649-9426-DDDA825F73CD}.Debug|Mixed Platforms.ActiveCfg = Debug|Win32
		{DAB5CB56-1121-4649-9426-DDDA825F73CD}.Debug|Mixed Platforms.Build.0 = Debug|Win32
		{DAB5CB56-1121-4649-9426-DDDA825F73CD}.Debug|Win32.ActiveCfg = Debug|Win32
		{DAB5CB56-1121-4649-9426-DDDA825F73CD}.Debug|Win32.Build.0 = Debug|Win32
		{DAB5CB56-1121-4649-9426-DDDA825F73CD}.Release|Any CPU.ActiveCfg = Release|Win32
		{DAB5CB56-1121-4649-9426-DDDA825F73CD}.Release|Mixed Platforms.ActiveCfg = Release|Win32
		{DAB5CB56-1121-4649-9426-DDDA825F73CD}.Release|Mixed Platforms.Build.0 = Release|Win32
		{DAB5CB56-1121-4649-9426-DDDA825F73CD}.Release|Win32.ActiveCfg = Release|Win32
		{DAB5CB56-1121-4649-9426-DDDA825F73CD}.Release|Win32.Build.0 = Release|Win32
		{53EF852E-15B3-42ED-A1E5-AEC49C9EC8EB}.Debug|Any CPU.ActiveCfg = Debug|Win32
		{53EF852E-15B3-42ED-A1E5-AEC49C9EC8EB}.Debug|Mixed Platforms.ActiveCfg = Debug|Win32
		{53EF852E-15B3-42ED-A1E5-AEC49C9EC8EB}.Debug|Mixed Platforms.Build.0 = Debug|Win32
		{53EF852E-15B3-42ED-A1E5-AEC49C9EC8EB}.Debug|Win32.ActiveCfg = Debug|Win32
		{53EF852E-15B3-42ED-A1E5-AEC49C9EC8EB}.Debug|Win32.Build.0 = Debug|Win32
		{53EF852E-15B3-42ED-A1E5-AEC49C9EC8EB}.Release|Any CPU.ActiveCfg = Release|Win32
		{53EF852E-15B3-42ED-A1E5-AEC49C9EC8EB}.Release|Mixed Platforms.ActiveCfg = Release|Win32
		{53EF852E-15B3-42ED-A1E5-AEC49C9EC8EB}.Release|Mixed Platforms.Build.0 = Release|Win32
		{53EF852E-15B3-42ED-A1E5-AEC49C9EC8EB}.Release|Win32.ActiveCfg = Release|Win32
		{53EF852E-15B3-42ED-A1E5-AEC49C9EC8EB}.Release|Win32.Build.0 = Release|Win32
		{80C36B66-4DF9-48F5-8859-50A891263CCB}.Debug|Any CPU.ActiveCfg = Debug|Win32
		{80C36B66-4DF9-48F5-8859-50A891263CCB}.Debug|Mixed Platforms.ActiveCfg = Debug|Win32
		{80C36B66-4DF9-48F5-8859-50A891263CCB}.Debug|Mixed Platforms.Build.0 = Debug|Win32
		{80C36B66-4DF9-48F5-8859-50A891263CCB}.Debug|Win32.ActiveCfg = Debug|Win32
		{80C36B66-4DF9-48F5-8859-50A891263CCB}.Debug|Win32.Build.0 = Debug|Win32
		{80C36B66-4DF9-48F5-8859-50A891263CCB}.Release|Any CPU.ActiveCfg = Release|Win32
		{80C36B66-4DF9-48F5-8859-50A891263CCB}.Release|Mixed Platforms.ActiveCfg = Release|Win32
		{80C36B66-4DF9-48F5-8859-50A891263CCB}.Release|Mixed Platforms.Build.0 = Release|Win32
		{80C36B66-4DF9-48F5-8859-50A891263CCB}.Release|Win32.ActiveCfg = Release|Win32
		{80C36B66-4DF9-48F5-8859-50A891263CCB}.Release|Win32.Build.0 = Release|Win32
		{52541AEF-C817-4F3C-8736-7F60A055FED8}.Debug|Any CPU.ActiveCfg = Debug|Win32
		{52541AEF-C817-4F3C-8736-7F60A055FED8}.Debug|Mixed Platforms.ActiveCfg = Debug|Win32
		{52541AEF-C817-4F3C-8736-7F60A055FED8}.Debug|Mixed Platforms.Build.0 = Debug|Win32
		{52541AEF-C817-4F3C-8736-7F60A055FED8}.Debug|Win32.ActiveCfg = Debug|Win32
		{52541AEF-C817-4F3C-8736-7F60A055FED8}.Debug|Win32.Build.0 = Debug|Win32
		{52541AEF-C817-4F3C-8736-7F60A055FED8}.Release|Any CPU.ActiveCfg = Release|Win32
		{52541AEF-C817-4F3C-8736-7F60A055FED8}.Release|Mixed Platforms.ActiveCfg = Release|Win32
		{52541AEF-C817-4F3C-8736-7F60A055FED8}.Release|Mixed Platforms.Build.0 = Release|Win32
		{52541AEF-C817-4F3C-8736-7F60A055FED8}.Release|Win32.ActiveCfg = Release|Win32
		{52541AEF-C817-4F3C-8736-7F60A055FED8}.Release|Win32.Build.0 = Release|Win32
		{6F129E1B-51BA-4372-8D91-1D123CB18B15}.Debug|Any CPU.ActiveCfg = Debug|Win32
		{6F129E1B-51BA-4372-8D91-1D123CB18B15}.Debug|Mixed Platforms.ActiveCfg = Debug|Win32
		{6F129E1B-51BA-4372-8D91-1D123CB18B15}.Debug|Mixed Platforms.Build.0 = Debug|Win32
		{6F129E1B-51BA-4372-8D91-1D123CB18B15}.Debug|Win32.ActiveCfg = Debug|Win32
		{6F129E1B-51BA-4372-8D91-1D123CB18B15}.Debug|Win32.Build.0 = Debug|Win32
		{6F129E1B-51BA-4372-8D91-1D123CB18B15}.Release|Any CPU.ActiveCfg = Release|Win32
		{6F129E1B-51BA-4372-8D91-1D123CB18B15}.Release|Mixed Platforms.ActiveCfg = Release|Win32
		{6F129E1B-51BA-4372-8D91-1D123CB18B15}.Release|Mixed Platforms.Build.0 = Release|Win32
		{6F129E1B-51BA-4372-8D91-1D123CB18B15}.Release|Win32.ActiveCfg = Release|Win32
		{6F129E1B-51BA-4372-8D91-1D123CB18B15}.Release|Win32.Build.0 = Release|Win32
		{56E341D6-68A9-4298-AE0A-C315F4B0EFAD}.Debug|Any CPU.ActiveCfg = Debug|Win32
		{56E341D6-68A9-4298-AE0A-C315F4B0EFAD}.Debug|Mixed Platforms.ActiveCfg = Debug|Win32
		{56E341D6-68A9-4298-AE0A-C315F4B0EFAD}.Debug|Mixed Platforms.Build.0 = Debug|Win32
		{56E341D6-68A9-4298-AE0A-C315F4B0EFAD}.Debug|Win32.ActiveCfg = Debug|Win32
		{56E341D6-68A9-4298-AE0A-C315F4B0EFAD}.Debug|Win32.Build.0 = Debug|Win32
		{56E341D6-68A9-4298-AE0A-C315F4B0EFAD}.Debug|Win32.Deploy.0 = Debug|Win32
		{56E341D6-68A9-4298-AE0A-C315F4B0EFAD}.Release|Any CPU.ActiveCfg = Release|Win32
		{56E341D6-68A9-4298-AE0A-C315F4B0EFAD}.Release|Mixed Platforms.ActiveCfg = Release|Win32
		{56E341D6-68A9-4298-AE0A-C315F4B0EFAD}.Release|Mixed Platforms.Build.0 = Release|Win32
		{56E341D6-68A9-4298-AE0A-C315F4B0EFAD}.Release|Mixed Platforms.Deploy.0 = Release|Win32
		{56E341D6-68A9-4298-AE0A-C315F4B0EFAD}.Release|Win32.ActiveCfg = Release|Win32
		{56E341D6-68A9-4298-AE0A-C315F4B0EFAD}.Release|Win32.Build.0 = Release|Win32
		{56E341D6-68A9-4298-AE0A-C315F4B0EFAD}.Release|Win32.Deploy.0 = Release|Win32
		{C4F0118A-89C0-4EA0-B461-036AB830C921}.Debug|Any CPU.ActiveCfg = Debug|Win32
		{C4F0118A-89C0-4EA0-B461-036AB830C921}.Debug|Mixed Platforms.ActiveCfg = Debug|Win32
		{C4F0118A-89C0-4EA0-B461-036AB830C921}.Debug|Mixed Platforms.Build.0 = Debug|Win32
		{C4F0118A-89C0-4EA0-B461-036AB830C921}.Debug|Win32.ActiveCfg = Debug|Win32
		{C4F0118A-89C0-4EA0-B461-036AB830C921}.Debug|Win32.Build.0 = Debug|Win32
		{C4F0118A-89C0-4EA0-B461-036AB830C921}.Debug|Win32.Deploy.0 = Debug|Win32
		{C4F0118A-89C0-4EA0-B461-036AB830C921}.Release|Any CPU.ActiveCfg = Release|Win32
		{C4F0118A-89C0-4EA0-B461-036AB830C921}.Release|Mixed Platforms.ActiveCfg = Release|Win32
		{C4F0118A-89C0-4EA0-B461-036AB830C921}.Release|Mixed Platforms.Build.0 = Release|Win32
		{C4F0118A-89C0-4EA0-B461-036AB830C921}.Release|Mixed Platforms.Deploy.0 = Release|Win32
		{C4F0118A-89C0-4EA0-B461-036AB830C921}.Release|Win32.ActiveCfg = Release|Win32
		{C4F0118A-89C0-4EA0-B461-036AB830C921}.Release|Win32.Build.0 = Release|Win32
		{C4F0118A-89C0-4EA0-B461-036AB830C921}.Release|Win32.Deploy.0 = Release|Win32
		{EC6BF23F-B645-4768-A1DD-4FD4AFF30C85}.Debug|Any CPU.ActiveCfg = Debug|Win32
		{EC6BF23F-B645-4768-A1DD-4FD4AFF30C85}.Debug|Mixed Platforms.ActiveCfg = Debug|Win32
		{EC6BF23F-B645-4768-A1DD-4FD4AFF30C85}.Debug|Mixed Platforms.Build.0 = Debug|Win32
		{EC6BF23F-B645-4768-A1DD-4FD4AFF30C85}.Debug|Win32.ActiveCfg = Debug|Win32
		{EC6BF23F-B645-4768-A1DD-4FD4AFF30C85}.Debug|Win32.Build.0 = Debug|Win32
		{EC6BF23F-B645-4768-A1DD-4FD4AFF30C85}.Debug|Win32.Deploy.0 = Debug|Win32
		{EC6BF23F-B645-4768-A1DD-4FD4AFF30C85}.Release|Any CPU.ActiveCfg = Release|Win32
		{EC6BF23F-B645-4768-A1DD-4FD4AFF30C85}.Release|Mixed Platforms.ActiveCfg = Release|Win32
		{EC6BF23F-B645-4768-A1DD-4FD4AFF30C85}.Release|Mixed Platforms.Build.0 = Release|Win32
		{EC6BF23F-B645-4768-A1DD-4FD4AFF30C85}.Release|Mixed Platforms.Deploy.0 = Release|Win32
		{EC6BF23F-B645-4768-A1DD-4FD4AFF30C85}.Release|Win32.ActiveCfg = Release|Win32
		{EC6BF23F-B645-4768-A1DD-4FD4AFF30C85}.Release|Win32.Build.0 = Release|Win32
		{EC6BF23F-B645-4768-A1DD-4FD4AFF30C85}.Release|Win32.Deploy.0 = Release|Win32
		{A7CA82E4-092E-40E8-A92C-38F12F2385B9}.Debug|Any CPU.ActiveCfg = Debug|Win32
		{A7CA82E4-092E-40E8-A92C-38F12F2385B9}.Debug|Mixed Platforms.ActiveCfg = Debug|Win32
		{A7CA82E4-092E-40E8-A92C-38F12F2385B9}.Debug|Mixed Platforms.Build.0 = Debug|Win32
		{A7CA82E4-092E-40E8-A92C-38F12F2385B9}.Debug|Win32.ActiveCfg = Debug|Win32
		{A7CA82E4-092E-40E8-A92C-38F12F2385B9}.Debug|Win32.Build.0 = Debug|Win32
		{A7CA82E4-092E-40E8-A92C-38F12F2385B9}.Debug|Win32.Deploy.0 = Debug|Win32
		{A7CA82E4-092E-40E8-A92C-38F12F2385B9}.Release|Any CPU.ActiveCfg = Release|Win32
		{A7CA82E4-092E-40E8-A92C-38F12F2385B9}.Release|Mixed Platforms.ActiveCfg = Release|Win32
		{A7CA82E4-092E-40E8-A92C-38F12F2385B9}.Release|Mixed Platforms.Build.0 = Release|Win32
		{A7CA82E4-092E-40E8-A92C-38F12F2385B9}.Release|Mixed Platforms.Deploy.0 = Release|Win32
		{A7CA82E4-092E-40E8-A92C-38F12F2385B9}.Release|Win32.ActiveCfg = Release|Win32
		{A7CA82E4-092E-40E8-A92C-38F12F2385B9}.Release|Win32.Build.0 = Release|Win32
		{A7CA82E4-092E-40E8-A92C-38F12F2385B9}.Release|Win32.Deploy.0 = Release|Win32
		{0C44CFDB-2FBC-492D-9D0D-CEF3186064D4}.Debug|Any CPU.ActiveCfg = Debug|Win32
		{0C44CFDB-2FBC-492D-9D0D-CEF3186064D4}.Debug|Mixed Platforms.ActiveCfg = Debug|Win32
		{0C44CFDB-2FBC-492D-9D0D-CEF3186064D4}.Debug|Mixed Platforms.Build.0 = Debug|Win32
		{0C44CFDB-2FBC-492D-9D0D-CEF3186064D4}.Debug|Win32.ActiveCfg = Debug|Win32
		{0C44CFDB-2FBC-492D-9D0D-CEF3186064D4}.Debug|Win32.Build.0 = Debug|Win32
		{0C44CFDB-2FBC-492D-9D0D-CEF3186064D4}.Release|Any CPU.ActiveCfg = Release|Win32
		{0C44CFDB-2FBC-492D-9D0D-CEF3186064D4}.Release|Mixed Platforms.ActiveCfg = Release|Win32
		{0C44CFDB-2FBC-492D-9D0D-CEF3186064D4}.Release|Mixed Platforms.Build.0 = Release|Win32
		{0C44CFDB-2FBC-492D-9D0D-CEF3186064D4}.Release|Win32.ActiveCfg = Release|Win32
		{0C44CFDB-2FBC-492D-9D0D-CEF3186064D4}.Release|Win32.Build.0 = Release|Win32
		{11D3201E-07CE-4B0D-8720-27902A8D9851}.Debug|Any CPU.ActiveCfg = Debug|Win32
		{11D3201E-07CE-4B0D-8720-27902A8D9851}.Debug|Mixed Platforms.ActiveCfg = Debug|Win32
		{11D3201E-07CE-4B0D-8720-27902A8D9851}.Debug|Mixed Platforms.Build.0 = Debug|Win32
		{11D3201E-07CE-4B0D-8720-27902A8D9851}.Debug|Win32.ActiveCfg = Debug|Win32
		{11D3201E-07CE-4B0D-8720-27902A8D9851}.Debug|Win32.Build.0 = Debug|Win32
		{11D3201E-07CE-4B0D-8720-27902A8D9851}.Release|Any CPU.ActiveCfg = Release|Win32
		{11D3201E-07CE-4B0D-8720-27902A8D9851}.Release|Mixed Platforms.ActiveCfg = Release|Win32
		{11D3201E-07CE-4B0D-8720-27902A8D9851}.Release|Mixed Platforms.Build.0 = Release|Win32
		{11D3201E-07CE-4B0D-8720-27902A8D9851}.Release|Win32.ActiveCfg = Release|Win32
		{11D3201E-07CE-4B0D-8720-27902A8D9851}.Release|Win32.Build.0 = Release|Win32
		{A4E6AD51-6CD5-4707-94BB-8768560BA2AF}.Debug|Any CPU.ActiveCfg = Debug|Win32
		{A4E6AD51-6CD5-4707-94BB-8768560BA2AF}.Debug|Mixed Platforms.ActiveCfg = Debug|Win32
		{A4E6AD51-6CD5-4707-94BB-8768560BA2AF}.Debug|Mixed Platforms.Build.0 = Debug|Win32
		{A4E6AD51-6CD5-4707-94BB-8768560BA2AF}.Debug|Win32.ActiveCfg = Debug|Win32
		{A4E6AD51-6CD5-4707-94BB-8768560BA2AF}.Debug|Win32.Build.0 = Debug|Win32
		{A4E6AD51-6CD5-4707-94BB-8768560BA2AF}.Release|Any CPU.ActiveCfg = Release|Win32
		{A4E6AD51-6CD5-4707-94BB-8768560BA2AF}.Release|Mixed Platforms.ActiveCfg = Release|Win32
		{A4E6AD51-6CD5-4707-94BB-8768560BA2AF}.Release|Mixed Platforms.Build.0 = Release|Win32
		{A4E6AD51-6CD5-4707-94BB-8768560BA2AF}.Release|Win32.ActiveCfg = Release|Win32
		{A4E6AD51-6CD5-4707-94BB-8768560BA2AF}.Release|Win32.Build.0 = Release|Win32
		{99DC47B1-653D-4173-B50F-D7D99CD8C1A9}.Debug|Any CPU.ActiveCfg = Debug|Win32
		{99DC47B1-653D-4173-B50F-D7D99CD8C1A9}.Debug|Mixed Platforms.ActiveCfg = Debug|Win32
		{99DC47B1-653D-4173-B50F-D7D99CD8C1A9}.Debug|Mixed Platforms.Build.0 = Debug|Win32
		{99DC47B1-653D-4173-B50F-D7D99CD8C1A9}.Debug|Win32.ActiveCfg = Debug|Win32
		{99DC47B1-653D-4173-B50F-D7D99CD8C1A9}.Debug|Win32.Build.0 = Debug|Win32
		{99DC47B1-653D-4173-B50F-D7D99CD8C1A9}.Release|Any CPU.ActiveCfg = Release|Win32
		{99DC47B1-653D-4173-B50F-D7D99CD8C1A9}.Release|Mixed Platforms.ActiveCfg = Release|Win32
		{99DC47B1-653D-4173-B50F-D7D99CD8C1A9}.Release|Mixed Platforms.Build.0 = Release|Win32
		{99DC47B1-653D-4173-B50F-D7D99CD8C1A9}.Release|Win32.ActiveCfg = Release|Win32
		{99DC47B1-653D-4173-B50F-D7D99CD8C1A9}.Release|Win32.Build.0 = Release|Win32
		{1CA2C3A4-27F5-4804-9A8E-DD4F3D5BC74A}.Debug|Any CPU.ActiveCfg = Debug|Win32
		{1CA2C3A4-27F5-4804-9A8E-DD4F3D5BC74A}.Debug|Mixed Platforms.ActiveCfg = Debug|Win32
		{1CA2C3A4-27F5-4804-9A8E-DD4F3D5BC74A}.Debug|Mixed Platforms.Build.0 = Debug|Win32
		{1CA2C3A4-27F5-4804-9A8E-DD4F3D5BC74A}.Debug|Win32.ActiveCfg = Debug|Win32
		{1CA2C3A4-27F5-4804-9A8E-DD4F3D5BC74A}.Debug|Win32.Build.0 = Debug|Win32
		{1CA2C3A4-27F5-4804-9A8E-DD4F3D5BC74A}.Release|Any CPU.ActiveCfg = Release|Win32
		{1CA2C3A4-27F5-4804-9A8E-DD4F3D5BC74A}.Release|Mixed Platforms.ActiveCfg = Release|Win32
		{1CA2C3A4-27F5-4804-9A8E-DD4F3D5BC74A}.Release|Mixed Platforms.Build.0 = Release|Win32
		{1CA2C3A4-27F5-4804-9A8E-DD4F3D5BC74A}.Release|Win32.ActiveCfg = Release|Win32
		{1CA2C3A4-27F5-4804-9A8E-DD4F3D5BC74A}.Release|Win32.Build.0 = Release|Win32
		{54E1110A-EFCB-414F-803E-1ACDA9815477}.Debug|Any CPU.ActiveCfg = Debug|Win32
		{54E1110A-EFCB-414F-803E-1ACDA9815477}.Debug|Mixed Platforms.ActiveCfg = Debug|Win32
		{54E1110A-EFCB-414F-803E-1ACDA9815477}.Debug|Mixed Platforms.Build.0 = Debug|Win32
		{54E1110A-EFCB-414F-803E-1ACDA9815477}.Debug|Win32.ActiveCfg = Debug|Win32
		{54E1110A-EFCB-414F-803E-1ACDA9815477}.Debug|Win32.Build.0 = Debug|Win32
		{54E1110A-EFCB-414F-803E-1ACDA9815477}.Release|Any CPU.ActiveCfg = Release|Win32
		{54E1110A-EFCB-414F-803E-1ACDA9815477}.Release|Mixed Platforms.ActiveCfg = Release|Win32
		{54E1110A-EFCB-414F-803E-1ACDA9815477}.Release|Mixed Platforms.Build.0 = Release|Win32
		{54E1110A-EFCB-414F-803E-1ACDA9815477}.Release|Win32.ActiveCfg = Release|Win32
		{54E1110A-EFCB-414F-803E-1ACDA9815477}.Release|Win32.Build.0 = Release|Win32
		{B58DE50C-EB20-4565-98F2-453FEE89916D}.Debug|Any CPU.ActiveCfg = Debug|Win32
		{B58DE50C-EB20-4565-98F2-453FEE89916D}.Debug|Mixed Platforms.ActiveCfg = Debug|Win32
		{B58DE50C-EB20-4565-98F2-453FEE89916D}.Debug|Mixed Platforms.Build.0 = Debug|Win32
		{B58DE50C-EB20-4565-98F2-453FEE89916D}.Debug|Win32.ActiveCfg = Debug|Win32
		{B58DE50C-EB20-4565-98F2-453FEE89916D}.Debug|Win32.Build.0 = Debug|Win32
		{B58DE50C-EB20-4565-98F2-453FEE89916D}.Release|Any CPU.ActiveCfg = Release|Win32
		{B58DE50C-EB20-4565-98F2-453FEE89916D}.Release|Mixed Platforms.ActiveCfg = Release|Win32
		{B58DE50C-EB20-4565-98F2-453FEE89916D}.Release|Mixed Platforms.Build.0 = Release|Win32
		{B58DE50C-EB20-4565-98F2-453FEE89916D}.Release|Win32.ActiveCfg = Release|Win32
		{B58DE50C-EB20-4565-98F2-453FEE89916D}.Release|Win32.Build.0 = Release|Win32
	EndGlobalSection
	GlobalSection(SolutionProperties) = preSolution
		HideSolutionNode = FALSE
	EndGlobalSection
	GlobalSection(NestedProjects) = preSolution
		{06702349-08E5-4027-9AA6-9EE22B322B12} = {A6B850AF-1932-46DB-B3BE-8679AB8C5F4E}
		{1CA2C3A4-27F5-4804-9A8E-DD4F3D5BC74A} = {A6B850AF-1932-46DB-B3BE-8679AB8C5F4E}
		{54E1110A-EFCB-414F-803E-1ACDA9815477} = {A6B850AF-1932-46DB-B3BE-8679AB8C5F4E}
		{B58DE50C-EB20-4565-98F2-453FEE89916D} = {A6B850AF-1932-46DB-B3BE-8679AB8C5F4E}
		{164D5E97-847C-4623-9185-B9A3F5DA95B3} = {1E7B6864-7F55-4597-B86D-C8CA22355109}
		{CB254DF4-87C7-49B1-8D6D-A35A74AB6706} = {1E7B6864-7F55-4597-B86D-C8CA22355109}
		{52541AEF-C817-4F3C-8736-7F60A055FED8} = {1E7B6864-7F55-4597-B86D-C8CA22355109}
		{99DC47B1-653D-4173-B50F-D7D99CD8C1A9} = {1E7B6864-7F55-4597-B86D-C8CA22355109}
		{1877097E-E129-4EA6-B5D4-001790E5E561} = {2998D8B0-78A7-4C6B-968F-4CD6A5717648}
		{DAB5CB56-1121-4649-9426-DDDA825F73CD} = {2998D8B0-78A7-4C6B-968F-4CD6A5717648}
		{53EF852E-15B3-42ED-A1E5-AEC49C9EC8EB} = {2998D8B0-78A7-4C6B-968F-4CD6A5717648}
		{56E341D6-68A9-4298-AE0A-C315F4B0EFAD} = {2998D8B0-78A7-4C6B-968F-4CD6A5717648}
		{C4F0118A-89C0-4EA0-B461-036AB830C921} = {2998D8B0-78A7-4C6B-968F-4CD6A5717648}
		{EC6BF23F-B645-4768-A1DD-4FD4AFF30C85} = {2998D8B0-78A7-4C6B-968F-4CD6A5717648}
		{11D3201E-07CE-4B0D-8720-27902A8D9851} = {2998D8B0-78A7-4C6B-968F-4CD6A5717648}
	EndGlobalSection
EndGlobal
