<?xml version="1.0" encoding="utf-8"?>
<Project ToolsVersion="4.0" xmlns="http://schemas.microsoft.com/developer/msbuild/2003">
  <ItemGroup>
    <ClCompile Include="CameraPlayerBase.cpp">
      <Filter>Source Files</Filter>
    </ClCompile>
    <ClCompile Include="CameraPlayerBootstrapper.cpp">
      <Filter>Source Files</Filter>
    </ClCompile>
    <ClCompile Include="stdafx.cpp">
      <Filter>Source Files</Filter>
    </ClCompile>
    <ClCompile Include="WebCameraHelperBase.cpp">
      <Filter>Source Files</Filter>
    </ClCompile>
  </ItemGroup>
  <ItemGroup>
    <ClInclude Include="CameraPlayerBase.h">
      <Filter>Header Files</Filter>
    </ClInclude>
    <ClInclude Include="CameraPlayerBootstrapper.h">
      <Filter>Header Files</Filter>
    </ClInclude>
    <ClInclude Include="stdafx.h">
      <Filter>Header Files</Filter>
    </ClInclude>
    <ClInclude Include="targetver.h">
      <Filter>Header Files</Filter>
    </ClInclude>
    <ClInclude Include="WebCameraHelperBase.h">
      <Filter>Header Files</Filter>
    </ClInclude>
  </ItemGroup>
  <ItemGroup>
    <Filter Include="Header Files">
      <UniqueIdentifier>{10ac3b4d-5b7f-48ad-94a6-7a850e62ec4c}</UniqueIdentifier>
    </Filter>
    <Filter Include="Source Files">
      <UniqueIdentifier>{2f83d851-05ba-4b4d-9ae3-abed35a7f495}</UniqueIdentifier>
    </Filter>
  </ItemGroup>
</Project>