<?xml version="1.0" encoding="utf-8"?>
<Project ToolsVersion="4.0" xmlns="http://schemas.microsoft.com/developer/msbuild/2003">
  <ItemGroup>
    <Filter Include="Source Files">
      <UniqueIdentifier>{4FC737F1-C7A5-4376-A066-2A32D752A2FF}</UniqueIdentifier>
      <Extensions>cpp;c;cc;cxx;def;odl;idl;hpj;bat;asm;asmx</Extensions>
    </Filter>
    <Filter Include="Header Files">
      <UniqueIdentifier>{93995380-89BD-4b04-88EB-625FBE52EBFB}</UniqueIdentifier>
      <Extensions>h;hpp;hxx;hm;inl;inc;xsd</Extensions>
    </Filter>
  </ItemGroup>
  <ItemGroup>
    <ClInclude Include="stdafx.h">
      <Filter>Header Files</Filter>
    </ClInclude>
    <ClInclude Include="targetver.h">
      <Filter>Header Files</Filter>
    </ClInclude>
    <ClInclude Include="JsonObjectBase.h">
      <Filter>Header Files</Filter>
    </ClInclude>
    <ClInclude Include="ReceivedData.h">
      <Filter>Header Files</Filter>
    </ClInclude>
    <ClInclude Include="WebRtcIceCandidateMsg.h">
      <Filter>Header Files</Filter>
    </ClInclude>
    <ClInclude Include="DeviceConfigurationMsg.h">
      <Filter>Header Files</Filter>
    </ClInclude>
    <ClInclude Include="WebsocketConnectionOpenedMsg.h">
      <Filter>Header Files</Filter>
    </ClInclude>
    <ClInclude Include="WebSocketMessageParser.h">
      <Filter>Header Files</Filter>
    </ClInclude>
    <ClInclude Include="MsgTypes.h">
      <Filter>Header Files</Filter>
    </ClInclude>
    <ClInclude Include="WebsocketConnectionClosedMsg.h">
      <Filter>Header Files</Filter>
    </ClInclude>
    <ClInclude Include="LiveVideoOfferMsg.h">
      <Filter>Header Files</Filter>
    </ClInclude>
    <ClInclude Include="IceCandidateMsg.h">
      <Filter>Header Files</Filter>
    </ClInclude>
    <ClInclude Include="ArchiveCatalogRequestMsg.h">
      <Filter>Header Files</Filter>
    </ClInclude>
    <ClInclude Include="SendData.h">
      <Filter>Header Files</Filter>
    </ClInclude>
    <ClInclude Include="RtbcDeviceErrorOutMsg.h">
      <Filter>Header Files</Filter>
    </ClInclude>
    <ClInclude Include="DtoParseException.h">
      <Filter>Header Files</Filter>
    </ClInclude>
    <ClInclude Include="DtoFactory.h">
      <Filter>Header Files</Filter>
    </ClInclude>
    <ClInclude Include="IceCandidateResponseMsg.h">
      <Filter>Header Files</Filter>
    </ClInclude>
    <ClInclude Include="DeviceDiscoveryResponseMsg.h">
      <Filter>Header Files</Filter>
    </ClInclude>
    <ClInclude Include="ShutdownCameraProcessRequestMsg.h">
      <Filter>Header Files</Filter>
    </ClInclude>
    <ClInclude Include="DeviceDiscoveryRequestMsg.h">
      <Filter>Header Files</Filter>
    </ClInclude>
    <ClInclude Include="DeletePeerConnectionRequestMsg.h">
      <Filter>Header Files</Filter>
    </ClInclude>
    <ClInclude Include="SdpAnswerMsg.h">
      <Filter>Header Files</Filter>
    </ClInclude>
    <ClInclude Include="CameraConfMsg.h">
      <Filter>Header Files</Filter>
    </ClInclude>
    <ClInclude Include="MediaInfo.h">
      <Filter>Header Files</Filter>
    </ClInclude>
    <ClInclude Include="SdpOffer.h">
      <Filter>Header Files</Filter>
    </ClInclude>
  </ItemGroup>
  <ItemGroup>
    <ClCompile Include="stdafx.cpp">
      <Filter>Source Files</Filter>
    </ClCompile>
    <ClCompile Include="WebRtcIceCandidateMsg.cpp">
      <Filter>Source Files</Filter>
    </ClCompile>
    <ClCompile Include="ReceivedData.cpp">
      <Filter>Source Files</Filter>
    </ClCompile>
    <ClCompile Include="DeviceConfigurationMsg.cpp">
      <Filter>Source Files</Filter>
    </ClCompile>
    <ClCompile Include="WebsocketConnectionOpenedMsg.cpp">
      <Filter>Source Files</Filter>
    </ClCompile>
    <ClCompile Include="WebSocketMessageParser.cpp">
      <Filter>Source Files</Filter>
    </ClCompile>
    <ClCompile Include="WebsocketConnectionClosedMsg.cpp">
      <Filter>Source Files</Filter>
    </ClCompile>
    <ClCompile Include="LiveVideoOfferMsg.cpp">
      <Filter>Source Files</Filter>
    </ClCompile>
    <ClCompile Include="ArchiveCatalogRequestMsg.cpp">
      <Filter>Source Files</Filter>
    </ClCompile>
    <ClCompile Include="RtbcDeviceErrorOutMsg.cpp">
      <Filter>Source Files</Filter>
    </ClCompile>
    <ClCompile Include="SendData.cpp">
      <Filter>Source Files</Filter>
    </ClCompile>
    <ClCompile Include="DtoFactory.cpp">
      <Filter>Source Files</Filter>
    </ClCompile>
    <ClCompile Include="IceCandidateResponseMsg.cpp">
      <Filter>Source Files</Filter>
    </ClCompile>
    <ClCompile Include="DeviceDiscoveryResponseMsg.cpp">
      <Filter>Source Files</Filter>
    </ClCompile>
    <ClCompile Include="ShutdownCameraProcessRequestMsg.cpp">
      <Filter>Source Files</Filter>
    </ClCompile>
    <ClCompile Include="DeviceDiscoveryRequestMsg.cpp">
      <Filter>Source Files</Filter>
    </ClCompile>
    <ClCompile Include="DeletePeerConnectionRequestMsg.cpp">
      <Filter>Source Files</Filter>
    </ClCompile>
    <ClCompile Include="SdpAnswerMsg.cpp">
      <Filter>Source Files</Filter>
    </ClCompile>
    <ClCompile Include="CameraConfMsg.cpp">
      <Filter>Source Files</Filter>
    </ClCompile>
  </ItemGroup>
</Project>